<?xml version="1.0" encoding="utf-8"?>
<Project ToolsVersion="4.0" xmlns="http://schemas.microsoft.com/developer/msbuild/2003">
  <ItemGroup>
    <ClCompile Include="common.cpp" />
    <ClCompile Include="Helper.cpp" />
    <ClCompile Include="Stegano.cpp" />
    <ClCompile Include="stdafx.cpp" />
    <ClCompile Include="StegoResults.cpp" />
    <ClCompile Include="DWT.cpp">
      <Filter>techniques</Filter>
    </ClCompile>
    <ClCompile Include="WOW.cpp">
      <Filter>techniques</Filter>
    </ClCompile>
    <ClCompile Include="PVD.cpp">
      <Filter>techniques</Filter>
    </ClCompile>
    <ClCompile Include="LSB.cpp">
      <Filter>techniques</Filter>
    </ClCompile>
  </ItemGroup>
  <ItemGroup>
    <ClInclude Include="common.h" />
    <ClInclude Include="Helper.h" />
    <ClInclude Include="stdafx.h" />
    <ClInclude Include="StegoResults.h" />
    <ClInclude Include="targetver.h" />
  </ItemGroup>
  <ItemGroup>
    <Filter Include="techniques">
      <UniqueIdentifier>{88869d0c-7d35-44d9-a870-f41992559249}</UniqueIdentifier>
    </Filter>
  </ItemGroup>
</Project>